# This file is autogenerated, do not edit; changes may be undone by the next 'dep ensure'.


[[projects]]
  branch = "master"
  digest = "1:9586873f97f2e8db28dbd4c72a858d5cb5ab59ad359544a81395d15ba467891f"
  name = "github.com/buger/jsonparser"
  packages = ["."]
  pruneopts = "UT"
  revision = "ee4c978eae7efe2344eb024dd7d77918d3f7c55c"

[[projects]]
  digest = "1:7a26d09b17a0fd8f8a3eed2f5eeaf8fe3bb7f856e7b649abbd0afd26eddc3d87"
  name = "github.com/dariubs/percent"
  packages = ["."]
  pruneopts = "UT"
  revision = "8153fcbd48aed0437696bf5ef0dcff4e0ce64b19"
  version = "v0.1"

[[projects]]
  digest = "1:08d65904057412fc0270fc4812a1c90c594186819243160dc779a402d4b6d0bc"
  name = "github.com/spf13/cast"
  packages = ["."]
  pruneopts = "UT"
  revision = "8c9545af88b134710ab1cd196795e7f2388358d7"
  version = "v1.3.0"

[solve-meta]
  analyzer-name = "dep"
  analyzer-version = 1
  input-imports = [
    "github.com/buger/jsonparser",
    "github.com/dariubs/percent",
    "github.com/spf13/cast",
  ]
  solver-name = "gps-cdcl"
  solver-version = 1
